
Microsoft Visual Studio Solution File, Format Version 12.00
# Visual Studio Version 16
VisualStudioVersion = 16.0.29613.14
MinimumVisualStudioVersion = 10.0.40219.1
Project("{888888A0-9F3D-457C-B088-3A5042F75D52}") = "LMS", "LMS\LMS.pyproj", "{E76988A2-4C07-4B0B-97A8-AACEB2953349}"
EndProject
Global
	GlobalSection(SolutionConfigurationPlatforms) = preSolution
		Debug|Any CPU = Debug|Any CPU
		Release|Any CPU = Release|Any CPU
	EndGlobalSection
	GlobalSection(ProjectConfigurationPlatforms) = postSolution
		{E76988A2-4C07-4B0B-97A8-AACEB2953349}.Debug|Any CPU.ActiveCfg = Debug|Any CPU
		{E76988A2-4C07-4B0B-97A8-AACEB2953349}.Release|Any CPU.ActiveCfg = Release|Any CPU
	EndGlobalSection
	GlobalSection(SolutionProperties) = preSolution
		HideSolutionNode = FALSE
	EndGlobalSection
	GlobalSection(ExtensibilityGlobals) = postSolution
		SolutionGuid = {F0AA5CD4-327E-42CF-9991-6D9B3C882871}
	EndGlobalSection
EndGlobal
